
Microsoft Visual Studio Solution File, Format Version 12.00
# Visual Studio 15
VisualStudioVersion = 15.0.28010.2026
MinimumVisualStudioVersion = 10.0.40219.1
Project("{8BC9CEB8-8B4A-11D0-8D11-00A0C91BC942}") = "Project2", "Project2\Project2.vcxproj", "{84F02634-6624-4D3B-A3D9-BA2827122C90}"
EndProject
Project("{8BC9CEB8-8B4A-11D0-8D11-00A0C91BC942}") = "Project1", "Project1\Project1.vcxproj", "{95241C69-15EA-4740-9A02-D7B8C9215123}"
EndProject
Project("{8BC9CEB8-8B4A-11D0-8D11-00A0C91BC942}") = "DanhSachLienKet", "DanhSachLienKet\DanhSachLienKet.vcxproj", "{BCCDF118-821D-4828-812B-10D1F393C13D}"
EndProject
Project("{8BC9CEB8-8B4A-11D0-8D11-00A0C91BC942}") = "Lab3++", "Lab3++\Lab3++.vcxproj", "{8186EC3E-F7B6-430E-AA26-A3A271E43710}"
EndProject
Project("{8BC9CEB8-8B4A-11D0-8D11-00A0C91BC942}") = "Lab4", "Lab4\Lab4.vcxproj", "{1F1CBDF2-88A8-4EBD-ABA2-AE7C9E75ABC7}"
EndProject
Project("{8BC9CEB8-8B4A-11D0-8D11-00A0C91BC942}") = "Lab4++_16521261_PhanMinhToan", "Lab4++_16521261_PhanMinhToan\Lab4++_16521261_PhanMinhToan.vcxproj", "{46168E93-BA2D-48C7-9282-1D1D18D2D480}"
EndProject
Project("{8BC9CEB8-8B4A-11D0-8D11-00A0C91BC942}") = "Example", "Example\Example.vcxproj", "{3D5ABB50-115D-4967-8CD2-6D3CE86A193F}"
EndProject
Project("{8BC9CEB8-8B4A-11D0-8D11-00A0C91BC942}") = "Stack_Queue", "Stack_Queue\Stack_Queue.vcxproj", "{644CD573-7655-4CB3-A408-590F23B8C5A3}"
EndProject
Project("{8BC9CEB8-8B4A-11D0-8D11-00A0C91BC942}") = "DSLK", "DSLK\DSLK.vcxproj", "{632FE0FC-0E35-4D14-BEC5-DB42DE8C700E}"
EndProject
Project("{8BC9CEB8-8B4A-11D0-8D11-00A0C91BC942}") = "Lab5", "Lab5\Lab5.vcxproj", "{134A12B8-8BE7-4B90-97DD-0D0AF07148A6}"
EndProject
Project("{8BC9CEB8-8B4A-11D0-8D11-00A0C91BC942}") = "Lab6", "Lab6\Lab6.vcxproj", "{3BF023CB-1724-435A-943E-3217AB6A47DA}"
EndProject
Project("{8BC9CEB8-8B4A-11D0-8D11-00A0C91BC942}") = "BTNMLT", "BTNMLT\BTNMLT.vcxproj", "{202CECD4-F046-499C-A5BC-1965752D50A3}"
EndProject
Project("{8BC9CEB8-8B4A-11D0-8D11-00A0C91BC942}") = "Lab7", "Lab7\Lab7.vcxproj", "{F40B71AD-F1ED-41D4-A073-9D841B9CDAB5}"
EndProject
Project("{8BC9CEB8-8B4A-11D0-8D11-00A0C91BC942}") = "NMLT03", "NMLT03\NMLT03.vcxproj", "{FA282E8D-578F-4719-A832-E41930FA534B}"
EndProject
Project("{8BC9CEB8-8B4A-11D0-8D11-00A0C91BC942}") = "Lab8", "Lab8\Lab8.vcxproj", "{488867A1-7FE6-4927-8D0F-3DD04263285F}"
EndProject
Project("{8BC9CEB8-8B4A-11D0-8D11-00A0C91BC942}") = "BTCNPTK", "BTCNPTK\BTCNPTK.vcxproj", "{8E1FF7DC-DDDF-41FD-8336-96ACB2A54F1E}"
EndProject
Project("{8BC9CEB8-8B4A-11D0-8D11-00A0C91BC942}") = "Lab9", "Lab9\Lab9.vcxproj", "{AD4EA847-EC0D-45C7-A3D5-03B3945B8ABA}"
EndProject
Project("{8BC9CEB8-8B4A-11D0-8D11-00A0C91BC942}") = "Test1", "Test1\Test1.vcxproj", "{E5F8F100-A752-421A-B87D-D118B8E460AF}"
EndProject
Project("{8BC9CEB8-8B4A-11D0-8D11-00A0C91BC942}") = "Test2", "Test2\Test2.vcxproj", "{119C3169-B5CA-4DC1-B06D-0AA3C6B1A8B0}"
EndProject
Project("{8BC9CEB8-8B4A-11D0-8D11-00A0C91BC942}") = "Practice", "Practice\Practice.vcxproj", "{FF9FE55C-7A47-4415-83C4-36849BCA88EE}"
EndProject
Project("{8BC9CEB8-8B4A-11D0-8D11-00A0C91BC942}") = "Exam_Test", "Exam_Test\Exam_Test.vcxproj", "{6DF74328-F40A-40B0-BE91-0CA31B4F7C37}"
EndProject
Global
	GlobalSection(SolutionConfigurationPlatforms) = preSolution
		Debug|x64 = Debug|x64
		Debug|x86 = Debug|x86
		Release|x64 = Release|x64
		Release|x86 = Release|x86
	EndGlobalSection
	GlobalSection(ProjectConfigurationPlatforms) = postSolution
		{84F02634-6624-4D3B-A3D9-BA2827122C90}.Debug|x64.ActiveCfg = Debug|x64
		{84F02634-6624-4D3B-A3D9-BA2827122C90}.Debug|x64.Build.0 = Debug|x64
		{84F02634-6624-4D3B-A3D9-BA2827122C90}.Debug|x86.ActiveCfg = Debug|Win32
		{84F02634-6624-4D3B-A3D9-BA2827122C90}.Debug|x86.Build.0 = Debug|Win32
		{84F02634-6624-4D3B-A3D9-BA2827122C90}.Release|x64.ActiveCfg = Release|x64
		{84F02634-6624-4D3B-A3D9-BA2827122C90}.Release|x64.Build.0 = Release|x64
		{84F02634-6624-4D3B-A3D9-BA2827122C90}.Release|x86.ActiveCfg = Release|Win32
		{84F02634-6624-4D3B-A3D9-BA2827122C90}.Release|x86.Build.0 = Release|Win32
		{95241C69-15EA-4740-9A02-D7B8C9215123}.Debug|x64.ActiveCfg = Debug|x64
		{95241C69-15EA-4740-9A02-D7B8C9215123}.Debug|x64.Build.0 = Debug|x64
		{95241C69-15EA-4740-9A02-D7B8C9215123}.Debug|x86.ActiveCfg = Debug|Win32
		{95241C69-15EA-4740-9A02-D7B8C9215123}.Debug|x86.Build.0 = Debug|Win32
		{95241C69-15EA-4740-9A02-D7B8C9215123}.Release|x64.ActiveCfg = Release|x64
		{95241C69-15EA-4740-9A02-D7B8C9215123}.Release|x64.Build.0 = Release|x64
		{95241C69-15EA-4740-9A02-D7B8C9215123}.Release|x86.ActiveCfg = Release|Win32
		{95241C69-15EA-4740-9A02-D7B8C9215123}.Release|x86.Build.0 = Release|Win32
		{BCCDF118-821D-4828-812B-10D1F393C13D}.Debug|x64.ActiveCfg = Debug|x64
		{BCCDF118-821D-4828-812B-10D1F393C13D}.Debug|x64.Build.0 = Debug|x64
		{BCCDF118-821D-4828-812B-10D1F393C13D}.Debug|x86.ActiveCfg = Debug|Win32
		{BCCDF118-821D-4828-812B-10D1F393C13D}.Debug|x86.Build.0 = Debug|Win32
		{BCCDF118-821D-4828-812B-10D1F393C13D}.Release|x64.ActiveCfg = Release|x64
		{BCCDF118-821D-4828-812B-10D1F393C13D}.Release|x64.Build.0 = Release|x64
		{BCCDF118-821D-4828-812B-10D1F393C13D}.Release|x86.ActiveCfg = Release|Win32
		{BCCDF118-821D-4828-812B-10D1F393C13D}.Release|x86.Build.0 = Release|Win32
		{8186EC3E-F7B6-430E-AA26-A3A271E43710}.Debug|x64.ActiveCfg = Debug|x64
		{8186EC3E-F7B6-430E-AA26-A3A271E43710}.Debug|x64.Build.0 = Debug|x64
		{8186EC3E-F7B6-430E-AA26-A3A271E43710}.Debug|x86.ActiveCfg = Debug|Win32
		{8186EC3E-F7B6-430E-AA26-A3A271E43710}.Debug|x86.Build.0 = Debug|Win32
		{8186EC3E-F7B6-430E-AA26-A3A271E43710}.Release|x64.ActiveCfg = Release|x64
		{8186EC3E-F7B6-430E-AA26-A3A271E43710}.Release|x64.Build.0 = Release|x64
		{8186EC3E-F7B6-430E-AA26-A3A271E43710}.Release|x86.ActiveCfg = Release|Win32
		{8186EC3E-F7B6-430E-AA26-A3A271E43710}.Release|x86.Build.0 = Release|Win32
		{1F1CBDF2-88A8-4EBD-ABA2-AE7C9E75ABC7}.Debug|x64.ActiveCfg = Debug|x64
		{1F1CBDF2-88A8-4EBD-ABA2-AE7C9E75ABC7}.Debug|x64.Build.0 = Debug|x64
		{1F1CBDF2-88A8-4EBD-ABA2-AE7C9E75ABC7}.Debug|x86.ActiveCfg = Debug|Win32
		{1F1CBDF2-88A8-4EBD-ABA2-AE7C9E75ABC7}.Debug|x86.Build.0 = Debug|Win32
		{1F1CBDF2-88A8-4EBD-ABA2-AE7C9E75ABC7}.Release|x64.ActiveCfg = Release|x64
		{1F1CBDF2-88A8-4EBD-ABA2-AE7C9E75ABC7}.Release|x64.Build.0 = Release|x64
		{1F1CBDF2-88A8-4EBD-ABA2-AE7C9E75ABC7}.Release|x86.ActiveCfg = Release|Win32
		{1F1CBDF2-88A8-4EBD-ABA2-AE7C9E75ABC7}.Release|x86.Build.0 = Release|Win32
		{46168E93-BA2D-48C7-9282-1D1D18D2D480}.Debug|x64.ActiveCfg = Debug|x64
		{46168E93-BA2D-48C7-9282-1D1D18D2D480}.Debug|x64.Build.0 = Debug|x64
		{46168E93-BA2D-48C7-9282-1D1D18D2D480}.Debug|x86.ActiveCfg = Debug|Win32
		{46168E93-BA2D-48C7-9282-1D1D18D2D480}.Debug|x86.Build.0 = Debug|Win32
		{46168E93-BA2D-48C7-9282-1D1D18D2D480}.Release|x64.ActiveCfg = Release|x64
		{46168E93-BA2D-48C7-9282-1D1D18D2D480}.Release|x64.Build.0 = Release|x64
		{46168E93-BA2D-48C7-9282-1D1D18D2D480}.Release|x86.ActiveCfg = Release|Win32
		{46168E93-BA2D-48C7-9282-1D1D18D2D480}.Release|x86.Build.0 = Release|Win32
		{3D5ABB50-115D-4967-8CD2-6D3CE86A193F}.Debug|x64.ActiveCfg = Debug|x64
		{3D5ABB50-115D-4967-8CD2-6D3CE86A193F}.Debug|x64.Build.0 = Debug|x64
		{3D5ABB50-115D-4967-8CD2-6D3CE86A193F}.Debug|x86.ActiveCfg = Debug|Win32
		{3D5ABB50-115D-4967-8CD2-6D3CE86A193F}.Debug|x86.Build.0 = Debug|Win32
		{3D5ABB50-115D-4967-8CD2-6D3CE86A193F}.Release|x64.ActiveCfg = Release|x64
		{3D5ABB50-115D-4967-8CD2-6D3CE86A193F}.Release|x64.Build.0 = Release|x64
		{3D5ABB50-115D-4967-8CD2-6D3CE86A193F}.Release|x86.ActiveCfg = Release|Win32
		{3D5ABB50-115D-4967-8CD2-6D3CE86A193F}.Release|x86.Build.0 = Release|Win32
		{644CD573-7655-4CB3-A408-590F23B8C5A3}.Debug|x64.ActiveCfg = Debug|x64
		{644CD573-7655-4CB3-A408-590F23B8C5A3}.Debug|x64.Build.0 = Debug|x64
		{644CD573-7655-4CB3-A408-590F23B8C5A3}.Debug|x86.ActiveCfg = Debug|Win32
		{644CD573-7655-4CB3-A408-590F23B8C5A3}.Debug|x86.Build.0 = Debug|Win32
		{644CD573-7655-4CB3-A408-590F23B8C5A3}.Release|x64.ActiveCfg = Release|x64
		{644CD573-7655-4CB3-A408-590F23B8C5A3}.Release|x64.Build.0 = Release|x64
		{644CD573-7655-4CB3-A408-590F23B8C5A3}.Release|x86.ActiveCfg = Release|Win32
		{644CD573-7655-4CB3-A408-590F23B8C5A3}.Release|x86.Build.0 = Release|Win32
		{632FE0FC-0E35-4D14-BEC5-DB42DE8C700E}.Debug|x64.ActiveCfg = Debug|x64
		{632FE0FC-0E35-4D14-BEC5-DB42DE8C700E}.Debug|x64.Build.0 = Debug|x64
		{632FE0FC-0E35-4D14-BEC5-DB42DE8C700E}.Debug|x86.ActiveCfg = Debug|Win32
		{632FE0FC-0E35-4D14-BEC5-DB42DE8C700E}.Debug|x86.Build.0 = Debug|Win32
		{632FE0FC-0E35-4D14-BEC5-DB42DE8C700E}.Release|x64.ActiveCfg = Release|x64
		{632FE0FC-0E35-4D14-BEC5-DB42DE8C700E}.Release|x64.Build.0 = Release|x64
		{632FE0FC-0E35-4D14-BEC5-DB42DE8C700E}.Release|x86.ActiveCfg = Release|Win32
		{632FE0FC-0E35-4D14-BEC5-DB42DE8C700E}.Release|x86.Build.0 = Release|Win32
		{134A12B8-8BE7-4B90-97DD-0D0AF07148A6}.Debug|x64.ActiveCfg = Debug|x64
		{134A12B8-8BE7-4B90-97DD-0D0AF07148A6}.Debug|x64.Build.0 = Debug|x64
		{134A12B8-8BE7-4B90-97DD-0D0AF07148A6}.Debug|x86.ActiveCfg = Debug|Win32
		{134A12B8-8BE7-4B90-97DD-0D0AF07148A6}.Debug|x86.Build.0 = Debug|Win32
		{134A12B8-8BE7-4B90-97DD-0D0AF07148A6}.Release|x64.ActiveCfg = Release|x64
		{134A12B8-8BE7-4B90-97DD-0D0AF07148A6}.Release|x64.Build.0 = Release|x64
		{134A12B8-8BE7-4B90-97DD-0D0AF07148A6}.Release|x86.ActiveCfg = Release|Win32
		{134A12B8-8BE7-4B90-97DD-0D0AF07148A6}.Release|x86.Build.0 = Release|Win32
		{3BF023CB-1724-435A-943E-3217AB6A47DA}.Debug|x64.ActiveCfg = Debug|x64
		{3BF023CB-1724-435A-943E-3217AB6A47DA}.Debug|x64.Build.0 = Debug|x64
		{3BF023CB-1724-435A-943E-3217AB6A47DA}.Debug|x86.ActiveCfg = Debug|Win32
		{3BF023CB-1724-435A-943E-3217AB6A47DA}.Debug|x86.Build.0 = Debug|Win32
		{3BF023CB-1724-435A-943E-3217AB6A47DA}.Release|x64.ActiveCfg = Release|x64
		{3BF023CB-1724-435A-943E-3217AB6A47DA}.Release|x64.Build.0 = Release|x64
		{3BF023CB-1724-435A-943E-3217AB6A47DA}.Release|x86.ActiveCfg = Release|Win32
		{3BF023CB-1724-435A-943E-3217AB6A47DA}.Release|x86.Build.0 = Release|Win32
		{202CECD4-F046-499C-A5BC-1965752D50A3}.Debug|x64.ActiveCfg = Debug|x64
		{202CECD4-F046-499C-A5BC-1965752D50A3}.Debug|x64.Build.0 = Debug|x64
		{202CECD4-F046-499C-A5BC-1965752D50A3}.Debug|x86.ActiveCfg = Debug|Win32
		{202CECD4-F046-499C-A5BC-1965752D50A3}.Debug|x86.Build.0 = Debug|Win32
		{202CECD4-F046-499C-A5BC-1965752D50A3}.Release|x64.ActiveCfg = Release|x64
		{202CECD4-F046-499C-A5BC-1965752D50A3}.Release|x64.Build.0 = Release|x64
		{202CECD4-F046-499C-A5BC-1965752D50A3}.Release|x86.ActiveCfg = Release|Win32
		{202CECD4-F046-499C-A5BC-1965752D50A3}.Release|x86.Build.0 = Release|Win32
		{F40B71AD-F1ED-41D4-A073-9D841B9CDAB5}.Debug|x64.ActiveCfg = Debug|x64
		{F40B71AD-F1ED-41D4-A073-9D841B9CDAB5}.Debug|x64.Build.0 = Debug|x64
		{F40B71AD-F1ED-41D4-A073-9D841B9CDAB5}.Debug|x86.ActiveCfg = Debug|Win32
		{F40B71AD-F1ED-41D4-A073-9D841B9CDAB5}.Debug|x86.Build.0 = Debug|Win32
		{F40B71AD-F1ED-41D4-A073-9D841B9CDAB5}.Release|x64.ActiveCfg = Release|x64
		{F40B71AD-F1ED-41D4-A073-9D841B9CDAB5}.Release|x64.Build.0 = Release|x64
		{F40B71AD-F1ED-41D4-A073-9D841B9CDAB5}.Release|x86.ActiveCfg = Release|Win32
		{F40B71AD-F1ED-41D4-A073-9D841B9CDAB5}.Release|x86.Build.0 = Release|Win32
		{FA282E8D-578F-4719-A832-E41930FA534B}.Debug|x64.ActiveCfg = Debug|x64
		{FA282E8D-578F-4719-A832-E41930FA534B}.Debug|x64.Build.0 = Debug|x64
		{FA282E8D-578F-4719-A832-E41930FA534B}.Debug|x86.ActiveCfg = Debug|Win32
		{FA282E8D-578F-4719-A832-E41930FA534B}.Debug|x86.Build.0 = Debug|Win32
		{FA282E8D-578F-4719-A832-E41930FA534B}.Release|x64.ActiveCfg = Release|x64
		{FA282E8D-578F-4719-A832-E41930FA534B}.Release|x64.Build.0 = Release|x64
		{FA282E8D-578F-4719-A832-E41930FA534B}.Release|x86.ActiveCfg = Release|Win32
		{FA282E8D-578F-4719-A832-E41930FA534B}.Release|x86.Build.0 = Release|Win32
		{488867A1-7FE6-4927-8D0F-3DD04263285F}.Debug|x64.ActiveCfg = Debug|x64
		{488867A1-7FE6-4927-8D0F-3DD04263285F}.Debug|x64.Build.0 = Debug|x64
		{488867A1-7FE6-4927-8D0F-3DD04263285F}.Debug|x86.ActiveCfg = Debug|Win32
		{488867A1-7FE6-4927-8D0F-3DD04263285F}.Debug|x86.Build.0 = Debug|Win32
		{488867A1-7FE6-4927-8D0F-3DD04263285F}.Release|x64.ActiveCfg = Release|x64
		{488867A1-7FE6-4927-8D0F-3DD04263285F}.Release|x64.Build.0 = Release|x64
		{488867A1-7FE6-4927-8D0F-3DD04263285F}.Release|x86.ActiveCfg = Release|Win32
		{488867A1-7FE6-4927-8D0F-3DD04263285F}.Release|x86.Build.0 = Release|Win32
		{8E1FF7DC-DDDF-41FD-8336-96ACB2A54F1E}.Debug|x64.ActiveCfg = Debug|x64
		{8E1FF7DC-DDDF-41FD-8336-96ACB2A54F1E}.Debug|x64.Build.0 = Debug|x64
		{8E1FF7DC-DDDF-41FD-8336-96ACB2A54F1E}.Debug|x86.ActiveCfg = Debug|Win32
		{8E1FF7DC-DDDF-41FD-8336-96ACB2A54F1E}.Debug|x86.Build.0 = Debug|Win32
		{8E1FF7DC-DDDF-41FD-8336-96ACB2A54F1E}.Release|x64.ActiveCfg = Release|x64
		{8E1FF7DC-DDDF-41FD-8336-96ACB2A54F1E}.Release|x64.Build.0 = Release|x64
		{8E1FF7DC-DDDF-41FD-8336-96ACB2A54F1E}.Release|x86.ActiveCfg = Release|Win32
		{8E1FF7DC-DDDF-41FD-8336-96ACB2A54F1E}.Release|x86.Build.0 = Release|Win32
		{AD4EA847-EC0D-45C7-A3D5-03B3945B8ABA}.Debug|x64.ActiveCfg = Debug|x64
		{AD4EA847-EC0D-45C7-A3D5-03B3945B8ABA}.Debug|x64.Build.0 = Debug|x64
		{AD4EA847-EC0D-45C7-A3D5-03B3945B8ABA}.Debug|x86.ActiveCfg = Debug|Win32
		{AD4EA847-EC0D-45C7-A3D5-03B3945B8ABA}.Debug|x86.Build.0 = Debug|Win32
		{AD4EA847-EC0D-45C7-A3D5-03B3945B8ABA}.Release|x64.ActiveCfg = Release|x64
		{AD4EA847-EC0D-45C7-A3D5-03B3945B8ABA}.Release|x64.Build.0 = Release|x64
		{AD4EA847-EC0D-45C7-A3D5-03B3945B8ABA}.Release|x86.ActiveCfg = Release|Win32
		{AD4EA847-EC0D-45C7-A3D5-03B3945B8ABA}.Release|x86.Build.0 = Release|Win32
		{E5F8F100-A752-421A-B87D-D118B8E460AF}.Debug|x64.ActiveCfg = Debug|x64
		{E5F8F100-A752-421A-B87D-D118B8E460AF}.Debug|x64.Build.0 = Debug|x64
		{E5F8F100-A752-421A-B87D-D118B8E460AF}.Debug|x86.ActiveCfg = Debug|Win32
		{E5F8F100-A752-421A-B87D-D118B8E460AF}.Debug|x86.Build.0 = Debug|Win32
		{E5F8F100-A752-421A-B87D-D118B8E460AF}.Release|x64.ActiveCfg = Release|x64
		{E5F8F100-A752-421A-B87D-D118B8E460AF}.Release|x64.Build.0 = Release|x64
		{E5F8F100-A752-421A-B87D-D118B8E460AF}.Release|x86.ActiveCfg = Release|Win32
		{E5F8F100-A752-421A-B87D-D118B8E460AF}.Release|x86.Build.0 = Release|Win32
		{119C3169-B5CA-4DC1-B06D-0AA3C6B1A8B0}.Debug|x64.ActiveCfg = Debug|x64
		{119C3169-B5CA-4DC1-B06D-0AA3C6B1A8B0}.Debug|x64.Build.0 = Debug|x64
		{119C3169-B5CA-4DC1-B06D-0AA3C6B1A8B0}.Debug|x86.ActiveCfg = Debug|Win32
		{119C3169-B5CA-4DC1-B06D-0AA3C6B1A8B0}.Debug|x86.Build.0 = Debug|Win32
		{119C3169-B5CA-4DC1-B06D-0AA3C6B1A8B0}.Release|x64.ActiveCfg = Release|x64
		{119C3169-B5CA-4DC1-B06D-0AA3C6B1A8B0}.Release|x64.Build.0 = Release|x64
		{119C3169-B5CA-4DC1-B06D-0AA3C6B1A8B0}.Release|x86.ActiveCfg = Release|Win32
		{119C3169-B5CA-4DC1-B06D-0AA3C6B1A8B0}.Release|x86.Build.0 = Release|Win32
		{FF9FE55C-7A47-4415-83C4-36849BCA88EE}.Debug|x64.ActiveCfg = Debug|x64
		{FF9FE55C-7A47-4415-83C4-36849BCA88EE}.Debug|x64.Build.0 = Debug|x64
		{FF9FE55C-7A47-4415-83C4-36849BCA88EE}.Debug|x86.ActiveCfg = Debug|Win32
		{FF9FE55C-7A47-4415-83C4-36849BCA88EE}.Debug|x86.Build.0 = Debug|Win32
		{FF9FE55C-7A47-4415-83C4-36849BCA88EE}.Release|x64.ActiveCfg = Release|x64
		{FF9FE55C-7A47-4415-83C4-36849BCA88EE}.Release|x64.Build.0 = Release|x64
		{FF9FE55C-7A47-4415-83C4-36849BCA88EE}.Release|x86.ActiveCfg = Release|Win32
		{FF9FE55C-7A47-4415-83C4-36849BCA88EE}.Release|x86.Build.0 = Release|Win32
		{6DF74328-F40A-40B0-BE91-0CA31B4F7C37}.Debug|x64.ActiveCfg = Debug|x64
		{6DF74328-F40A-40B0-BE91-0CA31B4F7C37}.Debug|x64.Build.0 = Debug|x64
		{6DF74328-F40A-40B0-BE91-0CA31B4F7C37}.Debug|x86.ActiveCfg = Debug|Win32
		{6DF74328-F40A-40B0-BE91-0CA31B4F7C37}.Debug|x86.Build.0 = Debug|Win32
		{6DF74328-F40A-40B0-BE91-0CA31B4F7C37}.Release|x64.ActiveCfg = Release|x64
		{6DF74328-F40A-40B0-BE91-0CA31B4F7C37}.Release|x64.Build.0 = Release|x64
		{6DF74328-F40A-40B0-BE91-0CA31B4F7C37}.Release|x86.ActiveCfg = Release|Win32
		{6DF74328-F40A-40B0-BE91-0CA31B4F7C37}.Release|x86.Build.0 = Release|Win32
	EndGlobalSection
	GlobalSection(SolutionProperties) = preSolution
		HideSolutionNode = FALSE
	EndGlobalSection
	GlobalSection(ExtensibilityGlobals) = postSolution
		SolutionGuid = {219EA302-6426-4AE0-B224-7E98D92A9276}
	EndGlobalSection
EndGlobal
